{
  "requires": true,
  "lockfileVersion": 1,
  "dependencies": {
    "jsonexport": {
      "version": "3.2.0",
      "resolved": "https://registry.npmjs.org/jsonexport/-/jsonexport-3.2.0.tgz",
      "integrity": "sha512-GbO9ugb0YTZatPd/hqCGR0FSwbr82H6OzG04yzdrG7XOe4QZ0jhQ+kOsB29zqkzoYJLmLxbbrFiuwbQu891XnQ=="
    },
    "lodash": {
      "version": "4.17.21",
      "resolved": "https://registry.npmjs.org/lodash/-/lodash-4.17.21.tgz",
      "integrity": "sha512-v2kDEe57lecTulaDIuNTPy3Ry4gLGJ6Z1O3vE1krgXZNrsQ+LFTGHVxVjcXPs17LhbZVGedAJv8XZ1tvj5FvSg=="
    },
    "moment": {
      "version": "2.29.4",
      "resolved": "https://registry.npmjs.org/moment/-/moment-2.29.4.tgz",
      "integrity": "sha512-5LC9SOxjSc2HF6vO2CyuTDNivEdoz2IvyJJGj6X8DJ0eFyfszE0QiEd+iXmBvUP3WHxSjFH/vIsA0EN00cgr8w=="
    },
    "simple-node-logger": {
      "version": "21.8.12",
      "resolved": "https://registry.npmjs.org/simple-node-logger/-/simple-node-logger-21.8.12.tgz",
      "integrity": "sha512-RPImnYDq3jdUjaTvYLghaF1n65Dd0LV8hdZtlT0X1NZBAkw+lx0ZJtFydcUyYKjg0Yxd27AW9IAIc3OLhTjBzA==",
      "requires": {
        "lodash": "^4.17.12",
        "moment": "^2.20.1"
      }
    }
  }
}
